
Microsoft Visual Studio Solution File, Format Version 12.00
# Visual Studio Version 17
VisualStudioVersion = 17.11.35327.3
MinimumVisualStudioVersion = 10.0.40219.1
Project("{FAE04EC0-301F-11D3-BF4B-00C04F79EFBC}") = "Employees", "Employees\Employees.csproj", "{4C2A83D3-4FD8-4B13-86C1-1AA04C3B4FF8}"
EndProject
Global
	GlobalSection(SolutionConfigurationPlatforms) = preSolution
		Debug|Any CPU = Debug|Any CPU
		Release|Any CPU = Release|Any CPU
	EndGlobalSection
	GlobalSection(ProjectConfigurationPlatforms) = postSolution
		{4C2A83D3-4FD8-4B13-86C1-1AA04C3B4FF8}.Debug|Any CPU.ActiveCfg = Debug|Any CPU
		{4C2A83D3-4FD8-4B13-86C1-1AA04C3B4FF8}.Debug|Any CPU.Build.0 = Debug|Any CPU
		{4C2A83D3-4FD8-4B13-86C1-1AA04C3B4FF8}.Release|Any CPU.ActiveCfg = Release|Any CPU
		{4C2A83D3-4FD8-4B13-86C1-1AA04C3B4FF8}.Release|Any CPU.Build.0 = Release|Any CPU
	EndGlobalSection
	GlobalSection(SolutionProperties) = preSolution
		HideSolutionNode = FALSE
	EndGlobalSection
	GlobalSection(ExtensibilityGlobals) = postSolution
		SolutionGuid = {5157FC51-1010-4418-8CB1-BEAE2D61ADAC}
	EndGlobalSection
EndGlobal
